
Microsoft Visual Studio Solution File, Format Version 12.00
# Visual Studio Version 16
VisualStudioVersion = 16.0.30011.22
MinimumVisualStudioVersion = 10.0.40219.1
Project("{9A19103F-16F7-4668-BE54-9A1E7A4F7556}") = "01.Stealer", "01.Stealer\01.Stealer.csproj", "{546B99CA-8948-4A14-9967-0CFD0DDF5596}"
EndProject
Project("{9A19103F-16F7-4668-BE54-9A1E7A4F7556}") = "02.HighQualityMistakes", "02.HighQualityMistakes\02.HighQualityMistakes.csproj", "{65AA166A-5ABD-4DE9-8834-55EA31CACF9F}"
EndProject
Project("{9A19103F-16F7-4668-BE54-9A1E7A4F7556}") = "03.MissionPrivateImpossible", "03.MissionPrivateImpossible\03.MissionPrivateImpossible.csproj", "{5C435534-E4EB-485F-BCB7-A9FDE0D9EC58}"
EndProject
Project("{9A19103F-16F7-4668-BE54-9A1E7A4F7556}") = "04.Collector", "04.Collector\04.Collector.csproj", "{F2BB400C-2298-4071-8719-441F5A17D790}"
EndProject
Project("{FAE04EC0-301F-11D3-BF4B-00C04F79EFBC}") = "05.CreateAttribute", "05.CreateAttribute\05.CreateAttribute.csproj", "{8CBBD00F-EEC4-4EDF-A87C-7220A4F87CFE}"
EndProject
Global
	GlobalSection(SolutionConfigurationPlatforms) = preSolution
		Debug|Any CPU = Debug|Any CPU
		Release|Any CPU = Release|Any CPU
	EndGlobalSection
	GlobalSection(ProjectConfigurationPlatforms) = postSolution
		{546B99CA-8948-4A14-9967-0CFD0DDF5596}.Debug|Any CPU.ActiveCfg = Debug|Any CPU
		{546B99CA-8948-4A14-9967-0CFD0DDF5596}.Debug|Any CPU.Build.0 = Debug|Any CPU
		{546B99CA-8948-4A14-9967-0CFD0DDF5596}.Release|Any CPU.ActiveCfg = Release|Any CPU
		{546B99CA-8948-4A14-9967-0CFD0DDF5596}.Release|Any CPU.Build.0 = Release|Any CPU
		{65AA166A-5ABD-4DE9-8834-55EA31CACF9F}.Debug|Any CPU.ActiveCfg = Debug|Any CPU
		{65AA166A-5ABD-4DE9-8834-55EA31CACF9F}.Debug|Any CPU.Build.0 = Debug|Any CPU
		{65AA166A-5ABD-4DE9-8834-55EA31CACF9F}.Release|Any CPU.ActiveCfg = Release|Any CPU
		{65AA166A-5ABD-4DE9-8834-55EA31CACF9F}.Release|Any CPU.Build.0 = Release|Any CPU
		{5C435534-E4EB-485F-BCB7-A9FDE0D9EC58}.Debug|Any CPU.ActiveCfg = Debug|Any CPU
		{5C435534-E4EB-485F-BCB7-A9FDE0D9EC58}.Debug|Any CPU.Build.0 = Debug|Any CPU
		{5C435534-E4EB-485F-BCB7-A9FDE0D9EC58}.Release|Any CPU.ActiveCfg = Release|Any CPU
		{5C435534-E4EB-485F-BCB7-A9FDE0D9EC58}.Release|Any CPU.Build.0 = Release|Any CPU
		{F2BB400C-2298-4071-8719-441F5A17D790}.Debug|Any CPU.ActiveCfg = Debug|Any CPU
		{F2BB400C-2298-4071-8719-441F5A17D790}.Debug|Any CPU.Build.0 = Debug|Any CPU
		{F2BB400C-2298-4071-8719-441F5A17D790}.Release|Any CPU.ActiveCfg = Release|Any CPU
		{F2BB400C-2298-4071-8719-441F5A17D790}.Release|Any CPU.Build.0 = Release|Any CPU
		{8CBBD00F-EEC4-4EDF-A87C-7220A4F87CFE}.Debug|Any CPU.ActiveCfg = Debug|Any CPU
		{8CBBD00F-EEC4-4EDF-A87C-7220A4F87CFE}.Debug|Any CPU.Build.0 = Debug|Any CPU
		{8CBBD00F-EEC4-4EDF-A87C-7220A4F87CFE}.Release|Any CPU.ActiveCfg = Release|Any CPU
		{8CBBD00F-EEC4-4EDF-A87C-7220A4F87CFE}.Release|Any CPU.Build.0 = Release|Any CPU
	EndGlobalSection
	GlobalSection(SolutionProperties) = preSolution
		HideSolutionNode = FALSE
	EndGlobalSection
	GlobalSection(ExtensibilityGlobals) = postSolution
		SolutionGuid = {6E787C2B-D1E0-4BF6-AE0C-D3795917EC09}
	EndGlobalSection
EndGlobal
