
Microsoft Visual Studio Solution File, Format Version 12.00
# Visual Studio Version 16
VisualStudioVersion = 16.0.30011.22
MinimumVisualStudioVersion = 10.0.40219.1
Project("{9A19103F-16F7-4668-BE54-9A1E7A4F7556}") = "01.ClassBoxData", "01.ClassBoxData\01.ClassBoxData.csproj", "{A84B637C-6A04-4D1A-8CEE-03678DB5B1EC}"
EndProject
Project("{9A19103F-16F7-4668-BE54-9A1E7A4F7556}") = "03.ShoppingSpree", "03.ShoppingSpree\03.ShoppingSpree.csproj", "{EE486B4A-ED3C-47A7-9211-23D46136CC56}"
EndProject
Project("{FAE04EC0-301F-11D3-BF4B-00C04F79EFBC}") = "04.PizzaCalories", "04.PizzaCalories\04.PizzaCalories.csproj", "{5A574231-5DBC-4823-B6DE-161539AA4619}"
EndProject
Global
	GlobalSection(SolutionConfigurationPlatforms) = preSolution
		Debug|Any CPU = Debug|Any CPU
		Release|Any CPU = Release|Any CPU
	EndGlobalSection
	GlobalSection(ProjectConfigurationPlatforms) = postSolution
		{A84B637C-6A04-4D1A-8CEE-03678DB5B1EC}.Debug|Any CPU.ActiveCfg = Debug|Any CPU
		{A84B637C-6A04-4D1A-8CEE-03678DB5B1EC}.Debug|Any CPU.Build.0 = Debug|Any CPU
		{A84B637C-6A04-4D1A-8CEE-03678DB5B1EC}.Release|Any CPU.ActiveCfg = Release|Any CPU
		{A84B637C-6A04-4D1A-8CEE-03678DB5B1EC}.Release|Any CPU.Build.0 = Release|Any CPU
		{EE486B4A-ED3C-47A7-9211-23D46136CC56}.Debug|Any CPU.ActiveCfg = Debug|Any CPU
		{EE486B4A-ED3C-47A7-9211-23D46136CC56}.Debug|Any CPU.Build.0 = Debug|Any CPU
		{EE486B4A-ED3C-47A7-9211-23D46136CC56}.Release|Any CPU.ActiveCfg = Release|Any CPU
		{EE486B4A-ED3C-47A7-9211-23D46136CC56}.Release|Any CPU.Build.0 = Release|Any CPU
		{5A574231-5DBC-4823-B6DE-161539AA4619}.Debug|Any CPU.ActiveCfg = Debug|Any CPU
		{5A574231-5DBC-4823-B6DE-161539AA4619}.Debug|Any CPU.Build.0 = Debug|Any CPU
		{5A574231-5DBC-4823-B6DE-161539AA4619}.Release|Any CPU.ActiveCfg = Release|Any CPU
		{5A574231-5DBC-4823-B6DE-161539AA4619}.Release|Any CPU.Build.0 = Release|Any CPU
	EndGlobalSection
	GlobalSection(SolutionProperties) = preSolution
		HideSolutionNode = FALSE
	EndGlobalSection
	GlobalSection(ExtensibilityGlobals) = postSolution
		SolutionGuid = {0E84C9A0-9238-445E-9B1C-DAB4F85C5817}
	EndGlobalSection
EndGlobal
